
Microsoft Visual Studio Solution File, Format Version 12.00
# Visual Studio Version 17
VisualStudioVersion = 17.14.36518.9 d17.14
MinimumVisualStudioVersion = 10.0.40219.1
Project("{FAE04EC0-301F-11D3-BF4B-00C04F79EFBC}") = "LewisStore", "LewisStore.csproj", "{23C4846B-1511-4583-8EFA-DDA158542D7C}"
EndProject
Global
	GlobalSection(SolutionConfigurationPlatforms) = preSolution
		Debug|Any CPU = Debug|Any CPU
		Release|Any CPU = Release|Any CPU
	EndGlobalSection
	GlobalSection(ProjectConfigurationPlatforms) = postSolution
		{23C4846B-1511-4583-8EFA-DDA158542D7C}.Debug|Any CPU.ActiveCfg = Debug|Any CPU
		{23C4846B-1511-4583-8EFA-DDA158542D7C}.Debug|Any CPU.Build.0 = Debug|Any CPU
		{23C4846B-1511-4583-8EFA-DDA158542D7C}.Release|Any CPU.ActiveCfg = Release|Any CPU
		{23C4846B-1511-4583-8EFA-DDA158542D7C}.Release|Any CPU.Build.0 = Release|Any CPU
	EndGlobalSection
	GlobalSection(SolutionProperties) = preSolution
		HideSolutionNode = FALSE
	EndGlobalSection
	GlobalSection(ExtensibilityGlobals) = postSolution
		SolutionGuid = {3B84D764-20EF-41DE-B5F3-4EDB7595D8AB}
	EndGlobalSection
EndGlobal
